<?xml version="1.0" encoding="utf-8"?>
<Project ToolsVersion="4.0" xmlns="http://schemas.microsoft.com/developer/msbuild/2003">
  <ItemGroup>
    <Filter Include="リソース ファイル">
      <UniqueIdentifier>{67DA6AB6-F800-4c08-8B7A-83BB121AAD01}</UniqueIdentifier>
      <Extensions>rc;ico;cur;bmp;dlg;rc2;rct;bin;rgs;gif;jpg;jpeg;jpe;resx;tiff;tif;png;wav;mfcribbon-ms</Extensions>
    </Filter>
    <Filter Include="リソース ファイル\Scene">
      <UniqueIdentifier>{a18f15e8-880f-47cc-a3f0-13953ad41f6b}</UniqueIdentifier>
    </Filter>
    <Filter Include="リソース ファイル\Scene\DataSelectScene">
      <UniqueIdentifier>{6de72790-d50e-4c51-8523-78d144507ce7}</UniqueIdentifier>
    </Filter>
    <Filter Include="リソース ファイル\Scene\TitleScene">
      <UniqueIdentifier>{5e29586c-a666-4ca8-b274-791a7be2feea}</UniqueIdentifier>
    </Filter>
    <Filter Include="リソース ファイル\Scene\GameScene">
      <UniqueIdentifier>{2d34fccb-953a-45a1-bacc-b09d96e2d0aa}</UniqueIdentifier>
    </Filter>
    <Filter Include="リソース ファイル\Main">
      <UniqueIdentifier>{61a97c0c-6ba8-491e-b5da-24c075caff41}</UniqueIdentifier>
    </Filter>
    <Filter Include="リソース ファイル\GameLib">
      <UniqueIdentifier>{367cf153-1c4b-4aed-9d92-677ed75ace57}</UniqueIdentifier>
    </Filter>
    <Filter Include="リソース ファイル\GameLib\DirectX">
      <UniqueIdentifier>{bceb0b1f-3a2f-4f75-b0b5-f16201d68aeb}</UniqueIdentifier>
    </Filter>
    <Filter Include="リソース ファイル\GameLib\Input">
      <UniqueIdentifier>{64756d85-c41c-467b-b068-0ebe0bcdef2e}</UniqueIdentifier>
    </Filter>
    <Filter Include="リソース ファイル\GameLib\Font">
      <UniqueIdentifier>{92ed0de5-c7f8-416b-8adc-b9760a0762f0}</UniqueIdentifier>
    </Filter>
    <Filter Include="リソース ファイル\GameLib\Window">
      <UniqueIdentifier>{f4bd31b3-bb04-4bcf-a553-570208ab445e}</UniqueIdentifier>
    </Filter>
    <Filter Include="リソース ファイル\GameLib\FBX">
      <UniqueIdentifier>{9d4ae9a4-575e-48e6-9d15-822193b41ada}</UniqueIdentifier>
    </Filter>
    <Filter Include="リソース ファイル\GameLib\SceneManager">
      <UniqueIdentifier>{6b8c0903-da81-4d70-bd6e-8fd8bcc2e8c2}</UniqueIdentifier>
    </Filter>
    <Filter Include="リソース ファイル\GameLib\SceneManager\SceneBase">
      <UniqueIdentifier>{c5b81caf-e3d5-4fef-8e15-9cc1cbb8d0c2}</UniqueIdentifier>
    </Filter>
    <Filter Include="リソース ファイル\GameLib\ObjectManager">
      <UniqueIdentifier>{5bad15f3-3881-4f38-8ce5-e626ff57ca3b}</UniqueIdentifier>
    </Filter>
    <Filter Include="リソース ファイル\GameLib\2DHelper">
      <UniqueIdentifier>{e7601e84-543d-491e-bfbd-32e26a77db6f}</UniqueIdentifier>
    </Filter>
    <Filter Include="リソース ファイル\GameLib\Sprite">
      <UniqueIdentifier>{20ee150b-d9c1-463a-9b07-ab02103c6078}</UniqueIdentifier>
    </Filter>
    <Filter Include="リソース ファイル\GameLib\DirectInput">
      <UniqueIdentifier>{004c1b7e-2e83-46ad-8bd1-15db0597914e}</UniqueIdentifier>
    </Filter>
    <Filter Include="リソース ファイル\GameLib\DirectInput\InputBase">
      <UniqueIdentifier>{099a93f3-4844-4648-974d-db15167174ba}</UniqueIdentifier>
    </Filter>
    <Filter Include="リソース ファイル\GameLib\DirectInput\InputBase\KeyBoard">
      <UniqueIdentifier>{81f66442-8443-4095-a357-8adcccc9a097}</UniqueIdentifier>
    </Filter>
    <Filter Include="リソース ファイル\GameLib\DirectInput\InputBase\Mouse">
      <UniqueIdentifier>{165b7b58-1aeb-4c42-a29f-5cd51f50e73d}</UniqueIdentifier>
    </Filter>
    <Filter Include="リソース ファイル\Scene\TitleScene\TitleMenu">
      <UniqueIdentifier>{fd9b6d96-88c1-410e-a612-d361f460e5b5}</UniqueIdentifier>
    </Filter>
    <Filter Include="リソース ファイル\GameLib\CameraManager">
      <UniqueIdentifier>{71b45950-e6fd-46ed-9f17-b7c48881afd4}</UniqueIdentifier>
    </Filter>
    <Filter Include="リソース ファイル\Scene\GameScene\Camera">
      <UniqueIdentifier>{e40cf4ab-05c4-406d-a90b-57ce29ff6c81}</UniqueIdentifier>
    </Filter>
    <Filter Include="リソース ファイル\Scene\GameScene\SharedInformation">
      <UniqueIdentifier>{175cfda2-e1d7-4e3f-b04d-5b6ab3ac9fe1}</UniqueIdentifier>
    </Filter>
    <Filter Include="リソース ファイル\Scene\GameScene\UI">
      <UniqueIdentifier>{432aceb1-be1f-4cac-bd62-1808c614f1a1}</UniqueIdentifier>
    </Filter>
    <Filter Include="リソース ファイル\Scene\DataSelectScene\Object">
      <UniqueIdentifier>{28ef63bf-97f5-404e-b61b-17be4cdc39b1}</UniqueIdentifier>
    </Filter>
    <Filter Include="リソース ファイル\GameLib\CollisionManager">
      <UniqueIdentifier>{5049e2fa-a1b2-47e4-b93b-38ccb8c5d392}</UniqueIdentifier>
    </Filter>
    <Filter Include="リソース ファイル\GameLib\CollisionManager\CollisionBase">
      <UniqueIdentifier>{f3236975-bd5b-4540-a52e-f449095797fc}</UniqueIdentifier>
    </Filter>
    <Filter Include="リソース ファイル\GameLib\CollisionManager\EnumCollision">
      <UniqueIdentifier>{f2b2aedf-18c1-418a-869e-76b80a9f86f3}</UniqueIdentifier>
    </Filter>
    <Filter Include="リソース ファイル\Scene\GameScene\Enumy">
      <UniqueIdentifier>{32386c94-517a-42d9-8ee3-6462778acbde}</UniqueIdentifier>
    </Filter>
    <Filter Include="リソース ファイル\Scene\GameScene\Stage">
      <UniqueIdentifier>{953cff2e-cccb-4b02-b1ea-296125602346}</UniqueIdentifier>
    </Filter>
    <Filter Include="リソース ファイル\Scene\GameScene\StageObject">
      <UniqueIdentifier>{28120231-642d-49f8-afd3-3853dbc6013e}</UniqueIdentifier>
    </Filter>
    <Filter Include="リソース ファイル\Scene\GameScene\Trigger">
      <UniqueIdentifier>{438cc76e-995d-42d3-ac6f-cb8cf1cba6d5}</UniqueIdentifier>
    </Filter>
    <Filter Include="リソース ファイル\Scene\GameScene\Player">
      <UniqueIdentifier>{9906f2a4-7a55-4513-9a71-ef21b18f560d}</UniqueIdentifier>
    </Filter>
    <Filter Include="リソース ファイル\Scene\GameScene\GameOver">
      <UniqueIdentifier>{b78efa69-3926-4bde-b064-bc286feee76d}</UniqueIdentifier>
    </Filter>
    <Filter Include="リソース ファイル\GameLib\TexStorage">
      <UniqueIdentifier>{bb2dd19c-c40c-4691-9296-780d08407c70}</UniqueIdentifier>
    </Filter>
  </ItemGroup>
  <ItemGroup>
    <ClCompile Include="GameLib\DirectX\DirectX.cpp">
      <Filter>リソース ファイル\GameLib\DirectX</Filter>
    </ClCompile>
    <ClCompile Include="GameLib\Input\Input.cpp">
      <Filter>リソース ファイル\GameLib\Input</Filter>
    </ClCompile>
    <ClCompile Include="GameLib\Font\Font.cpp">
      <Filter>リソース ファイル\GameLib\Font</Filter>
    </ClCompile>
    <ClCompile Include="GameLib\FBX\3DHelper.cpp">
      <Filter>リソース ファイル\GameLib\FBX</Filter>
    </ClCompile>
    <ClCompile Include="GameLib\FBX\FBX.cpp">
      <Filter>リソース ファイル\GameLib\FBX</Filter>
    </ClCompile>
    <ClCompile Include="GameLib\FBX\IndexBuffer.cpp">
      <Filter>リソース ファイル\GameLib\FBX</Filter>
    </ClCompile>
    <ClCompile Include="GameLib\FBX\Texture.cpp">
      <Filter>リソース ファイル\GameLib\FBX</Filter>
    </ClCompile>
    <ClCompile Include="GameLib\FBX\VertexBuffer.cpp">
      <Filter>リソース ファイル\GameLib\FBX</Filter>
    </ClCompile>
    <ClCompile Include="GameLib\Window\Window.cpp">
      <Filter>リソース ファイル\GameLib\Window</Filter>
    </ClCompile>
    <ClCompile Include="GameLib\GameLib.cpp">
      <Filter>リソース ファイル\GameLib</Filter>
    </ClCompile>
    <ClCompile Include="GameLib\SceneManager\SceneManager.cpp">
      <Filter>リソース ファイル\GameLib\SceneManager</Filter>
    </ClCompile>
    <ClCompile Include="Game\Scene\TitleScene\TitleLogo.cpp">
      <Filter>リソース ファイル\Scene\TitleScene</Filter>
    </ClCompile>
    <ClCompile Include="Game\Scene\TitleScene\TitleScene.cpp">
      <Filter>リソース ファイル\Scene\TitleScene</Filter>
    </ClCompile>
    <ClCompile Include="Game\Scene\GameScene\GameScene.cpp">
      <Filter>リソース ファイル\Scene\GameScene</Filter>
    </ClCompile>
    <ClCompile Include="Game\Scene\DataSelectScene\DataSelectScene.cpp">
      <Filter>リソース ファイル\Scene\DataSelectScene</Filter>
    </ClCompile>
    <ClCompile Include="Game\Main\Main.cpp">
      <Filter>リソース ファイル\Main</Filter>
    </ClCompile>
    <ClCompile Include="GameLib\SceneManager\SceneBase\SceneBase.cpp">
      <Filter>リソース ファイル\GameLib\SceneManager\SceneBase</Filter>
    </ClCompile>
    <ClCompile Include="GameLib\ObjectManager\Object.cpp">
      <Filter>リソース ファイル\GameLib\ObjectManager</Filter>
    </ClCompile>
    <ClCompile Include="GameLib\ObjectManager\ObjectManager.cpp">
      <Filter>リソース ファイル\GameLib\ObjectManager</Filter>
    </ClCompile>
    <ClCompile Include="GameLib\Sprite\Sprite.cpp">
      <Filter>リソース ファイル\GameLib\Sprite</Filter>
    </ClCompile>
    <ClCompile Include="GameLib\2DHelper\2DHelper.cpp">
      <Filter>リソース ファイル\GameLib\2DHelper</Filter>
    </ClCompile>
    <ClCompile Include="GameLib\DXInput\InputBase\Keyboard\Keyboard.cpp">
      <Filter>リソース ファイル\GameLib\DirectInput\InputBase\KeyBoard</Filter>
    </ClCompile>
    <ClCompile Include="GameLib\DXInput\InputBase\Mouse\Mouse.cpp">
      <Filter>リソース ファイル\GameLib\DirectInput\InputBase\Mouse</Filter>
    </ClCompile>
    <ClCompile Include="GameLib\DXInput\InputBase\InputBase.cpp">
      <Filter>リソース ファイル\GameLib\DirectInput\InputBase</Filter>
    </ClCompile>
    <ClCompile Include="GameLib\DXInput\DXInput.cpp">
      <Filter>リソース ファイル\GameLib\DirectInput</Filter>
    </ClCompile>
    <ClCompile Include="Game\Scene\TitleScene\TitleMenu\TitleMenu.cpp">
      <Filter>リソース ファイル\Scene\TitleScene\TitleMenu</Filter>
    </ClCompile>
    <ClCompile Include="Game\Scene\TitleScene\TitleMenu\MenuPressEnter.cpp">
      <Filter>リソース ファイル\Scene\TitleScene\TitleMenu</Filter>
    </ClCompile>
    <ClCompile Include="Game\Scene\TitleScene\TitleMenu\MenuGameStart.cpp">
      <Filter>リソース ファイル\Scene\TitleScene\TitleMenu</Filter>
    </ClCompile>
    <ClCompile Include="Game\Scene\TitleScene\TitleMenu\MenuGameEnd.cpp">
      <Filter>リソース ファイル\Scene\TitleScene\TitleMenu</Filter>
    </ClCompile>
    <ClCompile Include="Game\Scene\TitleScene\TitleMenu\MenuCursor.cpp">
      <Filter>リソース ファイル\Scene\TitleScene\TitleMenu</Filter>
    </ClCompile>
    <ClCompile Include="GameLib\ObjectManager\Object2DBase.cpp">
      <Filter>リソース ファイル\GameLib\ObjectManager</Filter>
    </ClCompile>
    <ClCompile Include="GameLib\ObjectManager\Object3DBase.cpp">
      <Filter>リソース ファイル\GameLib\ObjectManager</Filter>
    </ClCompile>
    <ClCompile Include="GameLib\CameraManager\CameraBase.cpp">
      <Filter>リソース ファイル\GameLib\CameraManager</Filter>
    </ClCompile>
    <ClCompile Include="GameLib\CameraManager\CameraManager.cpp">
      <Filter>リソース ファイル\GameLib\CameraManager</Filter>
    </ClCompile>
    <ClCompile Include="Game\Scene\GameScene\Camera\TestCamera.cpp">
      <Filter>リソース ファイル\Scene\GameScene\Camera</Filter>
    </ClCompile>
    <ClCompile Include="Game\Scene\GameScene\SharedInformation\SharedInformation.cpp">
      <Filter>リソース ファイル\Scene\GameScene\SharedInformation</Filter>
    </ClCompile>
    <ClCompile Include="Game\Scene\TitleScene\TitleBackground.cpp">
      <Filter>リソース ファイル\Scene\TitleScene\TitleMenu</Filter>
    </ClCompile>
    <ClCompile Include="Game\Scene\DataSelectScene\Object\CatCursor.cpp">
      <Filter>リソース ファイル\Scene\DataSelectScene\Object</Filter>
    </ClCompile>
    <ClCompile Include="Game\Scene\DataSelectScene\Object\Data1.cpp">
      <Filter>リソース ファイル\Scene\DataSelectScene\Object</Filter>
    </ClCompile>
    <ClCompile Include="Game\Scene\DataSelectScene\Object\Data2.cpp">
      <Filter>リソース ファイル\Scene\DataSelectScene\Object</Filter>
    </ClCompile>
    <ClCompile Include="Game\Scene\DataSelectScene\Object\Data3.cpp">
      <Filter>リソース ファイル\Scene\DataSelectScene\Object</Filter>
    </ClCompile>
    <ClCompile Include="Game\Scene\DataSelectScene\Object\MiniCursor.cpp">
      <Filter>リソース ファイル\Scene\DataSelectScene\Object</Filter>
    </ClCompile>
    <ClCompile Include="Game\Scene\DataSelectScene\Object\SelectBackground.cpp">
      <Filter>リソース ファイル\Scene\DataSelectScene\Object</Filter>
    </ClCompile>
    <ClCompile Include="Game\Scene\DataSelectScene\SelectCursorInformation\SelectCursorInformation.cpp">
      <Filter>リソース ファイル\Scene\DataSelectScene\Object</Filter>
    </ClCompile>
    <ClCompile Include="Game\Scene\DataSelectScene\Object\SelectMenuFrame.cpp">
      <Filter>リソース ファイル\Scene\DataSelectScene\Object</Filter>
    </ClCompile>
    <ClCompile Include="Game\Scene\GameScene\UI\UI.cpp">
      <Filter>リソース ファイル\Scene\GameScene\UI</Filter>
    </ClCompile>
    <ClCompile Include="Game\Scene\GameScene\UI\UIBar.cpp">
      <Filter>リソース ファイル\Scene\GameScene\UI</Filter>
    </ClCompile>
    <ClCompile Include="Game\Scene\GameScene\UI\UIBattery.cpp">
      <Filter>リソース ファイル\Scene\GameScene\UI</Filter>
    </ClCompile>
    <ClCompile Include="Game\Scene\GameScene\UI\UIFootsteps.cpp">
      <Filter>リソース ファイル\Scene\GameScene\UI</Filter>
    </ClCompile>
    <ClCompile Include="Game\Scene\GameScene\UI\UIHitPoint.cpp">
      <Filter>リソース ファイル\Scene\GameScene\UI</Filter>
    </ClCompile>
    <ClCompile Include="Game\Scene\GameScene\UI\UIWaves.cpp">
      <Filter>リソース ファイル\Scene\GameScene\UI</Filter>
    </ClCompile>
    <ClCompile Include="Game\Scene\GameScene\Player\Sumahoneko.cpp">
      <Filter>リソース ファイル\Scene\GameScene\Player</Filter>
    </ClCompile>
    <ClCompile Include="Game\Scene\GameScene\Player\PlayerBase.cpp">
      <Filter>リソース ファイル\Scene\GameScene\Player</Filter>
    </ClCompile>
    <ClCompile Include="Game\Scene\GameScene\Player\Drone.cpp">
      <Filter>リソース ファイル\Scene\GameScene\Player</Filter>
    </ClCompile>
    <ClCompile Include="Game\Scene\GameScene\Enemy\EnemyBase.cpp">
      <Filter>リソース ファイル\Scene\GameScene\Enumy</Filter>
    </ClCompile>
    <ClCompile Include="Game\Scene\GameScene\Enemy\Pasoken.cpp">
      <Filter>リソース ファイル\Scene\GameScene\Enumy</Filter>
    </ClCompile>
    <ClCompile Include="Game\Scene\GameScene\Stage\Stage.cpp">
      <Filter>リソース ファイル\Scene\GameScene\Stage</Filter>
    </ClCompile>
    <ClCompile Include="Game\Scene\GameScene\StageObject\StageMovableObject.cpp">
      <Filter>リソース ファイル\Scene\GameScene\StageObject</Filter>
    </ClCompile>
    <ClCompile Include="Game\Scene\GameScene\StageObject\StageObject.cpp">
      <Filter>リソース ファイル\Scene\GameScene\StageObject</Filter>
    </ClCompile>
    <ClCompile Include="Game\Scene\GameScene\StageObject\StageStopedObject.cpp">
      <Filter>リソース ファイル\Scene\GameScene\StageObject</Filter>
    </ClCompile>
    <ClCompile Include="GameLib\CollisionManager\CollisionBase\CollisionBase.cpp">
      <Filter>リソース ファイル\GameLib\CollisionManager\CollisionBase</Filter>
    </ClCompile>
    <ClCompile Include="GameLib\CollisionManager\CollisionBase\CollisionBox.cpp">
      <Filter>リソース ファイル\GameLib\CollisionManager\CollisionBase</Filter>
    </ClCompile>
    <ClCompile Include="GameLib\CollisionManager\CollisionBase\CollisionSphere.cpp">
      <Filter>リソース ファイル\GameLib\CollisionManager\CollisionBase</Filter>
    </ClCompile>
    <ClCompile Include="GameLib\CollisionManager\CollisionManager.cpp">
      <Filter>リソース ファイル\GameLib\CollisionManager</Filter>
    </ClCompile>
    <ClCompile Include="Game\Scene\GameScene\GameOver\GameOver.cpp">
      <Filter>リソース ファイル\Scene\GameScene\GameOver</Filter>
    </ClCompile>
    <ClCompile Include="GameLib\TexStorage\TexStorage.cpp">
      <Filter>リソース ファイル\GameLib\TexStorage</Filter>
    </ClCompile>
    <ClCompile Include="Game\Scene\GameScene\Trigger\TriggerBase.cpp">
      <Filter>リソース ファイル\Scene\GameScene\Trigger</Filter>
    </ClCompile>
    <ClCompile Include="Game\Scene\GameScene\Trigger\TriggerCharging.cpp">
      <Filter>リソース ファイル\Scene\GameScene\Trigger</Filter>
    </ClCompile>
    <ClCompile Include="Game\Scene\GameScene\Trigger\TriggerMovable.cpp">
      <Filter>リソース ファイル\Scene\GameScene\Trigger</Filter>
    </ClCompile>
    <ClCompile Include="Game\Scene\GameScene\Trigger\TriggerQR.cpp">
      <Filter>リソース ファイル\Scene\GameScene\Trigger</Filter>
    </ClCompile>
  </ItemGroup>
  <ItemGroup>
    <ClInclude Include="GameLib\DirectX\DirectX.h">
      <Filter>リソース ファイル\GameLib\DirectX</Filter>
    </ClInclude>
    <ClInclude Include="GameLib\Input\Input.h">
      <Filter>リソース ファイル\GameLib\Input</Filter>
    </ClInclude>
    <ClInclude Include="GameLib\Font\Font.h">
      <Filter>リソース ファイル\GameLib\Font</Filter>
    </ClInclude>
    <ClInclude Include="GameLib\FBX\3DHelper.h">
      <Filter>リソース ファイル\GameLib\FBX</Filter>
    </ClInclude>
    <ClInclude Include="GameLib\FBX\FBX.h">
      <Filter>リソース ファイル\GameLib\FBX</Filter>
    </ClInclude>
    <ClInclude Include="GameLib\FBX\IndexBuffer.h">
      <Filter>リソース ファイル\GameLib\FBX</Filter>
    </ClInclude>
    <ClInclude Include="GameLib\FBX\Texture.h">
      <Filter>リソース ファイル\GameLib\FBX</Filter>
    </ClInclude>
    <ClInclude Include="GameLib\FBX\VertexBuffer.h">
      <Filter>リソース ファイル\GameLib\FBX</Filter>
    </ClInclude>
    <ClInclude Include="GameLib\Window\Window.h">
      <Filter>リソース ファイル\GameLib\Window</Filter>
    </ClInclude>
    <ClInclude Include="GameLib\GameLib.h">
      <Filter>リソース ファイル\GameLib</Filter>
    </ClInclude>
    <ClInclude Include="GameLib\SceneManager\SceneManager.h">
      <Filter>リソース ファイル\GameLib\SceneManager</Filter>
    </ClInclude>
    <ClInclude Include="Game\Scene\TitleScene\TitleLogo.h">
      <Filter>リソース ファイル\Scene\TitleScene</Filter>
    </ClInclude>
    <ClInclude Include="Game\Scene\TitleScene\TitleScene.h">
      <Filter>リソース ファイル\Scene\TitleScene</Filter>
    </ClInclude>
    <ClInclude Include="Game\Scene\GameScene\GameScene.h">
      <Filter>リソース ファイル\Scene\GameScene</Filter>
    </ClInclude>
    <ClInclude Include="Game\Scene\DataSelectScene\DataSelectScene.h">
      <Filter>リソース ファイル\Scene\DataSelectScene</Filter>
    </ClInclude>
    <ClInclude Include="GameLib\SceneManager\SceneBase\SceneBase.h">
      <Filter>リソース ファイル\GameLib\SceneManager\SceneBase</Filter>
    </ClInclude>
    <ClInclude Include="GameLib\ObjectManager\Object.h">
      <Filter>リソース ファイル\GameLib\ObjectManager</Filter>
    </ClInclude>
    <ClInclude Include="GameLib\ObjectManager\ObjectManager.h">
      <Filter>リソース ファイル\GameLib\ObjectManager</Filter>
    </ClInclude>
    <ClInclude Include="GameLib\Sprite\Sprite.h">
      <Filter>リソース ファイル\GameLib\Sprite</Filter>
    </ClInclude>
    <ClInclude Include="GameLib\2DHelper\2DHelper.h">
      <Filter>リソース ファイル\GameLib\2DHelper</Filter>
    </ClInclude>
    <ClInclude Include="GameLib\DXInput\InputBase\Mouse\DIM.h">
      <Filter>リソース ファイル\GameLib\DirectInput\InputBase\Mouse</Filter>
    </ClInclude>
    <ClInclude Include="GameLib\DXInput\InputBase\Keyboard\Keyboard.h">
      <Filter>リソース ファイル\GameLib\DirectInput\InputBase\KeyBoard</Filter>
    </ClInclude>
    <ClInclude Include="GameLib\DXInput\InputBase\Mouse\Mouse.h">
      <Filter>リソース ファイル\GameLib\DirectInput\InputBase\Mouse</Filter>
    </ClInclude>
    <ClInclude Include="GameLib\DXInput\InputBase\InputBase.h">
      <Filter>リソース ファイル\GameLib\DirectInput\InputBase</Filter>
    </ClInclude>
    <ClInclude Include="GameLib\DXInput\DXInput.h">
      <Filter>リソース ファイル\GameLib\DirectInput</Filter>
    </ClInclude>
    <ClInclude Include="Game\Scene\TitleScene\TitleMenu\TitleMenu.h">
      <Filter>リソース ファイル\Scene\TitleScene\TitleMenu</Filter>
    </ClInclude>
    <ClInclude Include="Game\Scene\TitleScene\TitleMenu\MenuPressEnter.h">
      <Filter>リソース ファイル\Scene\TitleScene\TitleMenu</Filter>
    </ClInclude>
    <ClInclude Include="Game\Scene\TitleScene\TitleMenu\MenuGameStart.h">
      <Filter>リソース ファイル\Scene\TitleScene\TitleMenu</Filter>
    </ClInclude>
    <ClInclude Include="Game\Scene\TitleScene\TitleMenu\MenuGameEnd.h">
      <Filter>リソース ファイル\Scene\TitleScene\TitleMenu</Filter>
    </ClInclude>
    <ClInclude Include="Game\Scene\TitleScene\TitleMenu\MenuCursor.h">
      <Filter>リソース ファイル\Scene\TitleScene\TitleMenu</Filter>
    </ClInclude>
    <ClInclude Include="GameLib\ObjectManager\Object2DBase.h">
      <Filter>リソース ファイル\GameLib\ObjectManager</Filter>
    </ClInclude>
    <ClInclude Include="GameLib\ObjectManager\Object3DBase.h">
      <Filter>リソース ファイル\GameLib\ObjectManager</Filter>
    </ClInclude>
    <ClInclude Include="GameLib\CameraManager\CameraBase.h">
      <Filter>リソース ファイル\GameLib\CameraManager</Filter>
    </ClInclude>
    <ClInclude Include="GameLib\CameraManager\CameraManager.h">
      <Filter>リソース ファイル\GameLib\CameraManager</Filter>
    </ClInclude>
    <ClInclude Include="Game\Scene\GameScene\Camera\TestCamera.h">
      <Filter>リソース ファイル\Scene\GameScene\Camera</Filter>
    </ClInclude>
    <ClInclude Include="Game\Scene\GameScene\SharedInformation\SharedInformation.h">
      <Filter>リソース ファイル\Scene\GameScene\SharedInformation</Filter>
    </ClInclude>
    <ClInclude Include="Game\Scene\TitleScene\TitleBackground.h">
      <Filter>リソース ファイル\Scene\TitleScene\TitleMenu</Filter>
    </ClInclude>
    <ClInclude Include="Game\Scene\DataSelectScene\Object\CatCursor.h">
      <Filter>リソース ファイル\Scene\DataSelectScene\Object</Filter>
    </ClInclude>
    <ClInclude Include="Game\Scene\DataSelectScene\Object\Data1.h">
      <Filter>リソース ファイル\Scene\DataSelectScene\Object</Filter>
    </ClInclude>
    <ClInclude Include="Game\Scene\DataSelectScene\Object\Data2.h">
      <Filter>リソース ファイル\Scene\DataSelectScene\Object</Filter>
    </ClInclude>
    <ClInclude Include="Game\Scene\DataSelectScene\Object\Data3.h">
      <Filter>リソース ファイル\Scene\DataSelectScene\Object</Filter>
    </ClInclude>
    <ClInclude Include="Game\Scene\DataSelectScene\Object\MiniCursor.h">
      <Filter>リソース ファイル\Scene\DataSelectScene\Object</Filter>
    </ClInclude>
    <ClInclude Include="Game\Scene\DataSelectScene\Object\SelectBackground.h">
      <Filter>リソース ファイル\Scene\DataSelectScene\Object</Filter>
    </ClInclude>
    <ClInclude Include="Game\Scene\DataSelectScene\SelectCursorInformation\SelectCursorInformation.h">
      <Filter>リソース ファイル\Scene\DataSelectScene\Object</Filter>
    </ClInclude>
    <ClInclude Include="Game\Scene\DataSelectScene\Object\SelectMenuFrame.h">
      <Filter>リソース ファイル\Scene\DataSelectScene\Object</Filter>
    </ClInclude>
    <ClInclude Include="Game\Scene\GameScene\UI\UI.h">
      <Filter>リソース ファイル\Scene\GameScene\UI</Filter>
    </ClInclude>
    <ClInclude Include="Game\Scene\GameScene\UI\UIBar.h">
      <Filter>リソース ファイル\Scene\GameScene\UI</Filter>
    </ClInclude>
    <ClInclude Include="Game\Scene\GameScene\UI\UIBattery.h">
      <Filter>リソース ファイル\Scene\GameScene\UI</Filter>
    </ClInclude>
    <ClInclude Include="Game\Scene\GameScene\UI\UIFootsteps.h">
      <Filter>リソース ファイル\Scene\GameScene\UI</Filter>
    </ClInclude>
    <ClInclude Include="Game\Scene\GameScene\UI\UIHitPoint.h">
      <Filter>リソース ファイル\Scene\GameScene\UI</Filter>
    </ClInclude>
    <ClInclude Include="Game\Scene\GameScene\UI\UIWaves.h">
      <Filter>リソース ファイル\Scene\GameScene\UI</Filter>
    </ClInclude>
    <ClInclude Include="Game\Scene\GameScene\Player\Sumahoneko.h">
      <Filter>リソース ファイル\Scene\GameScene\Player</Filter>
    </ClInclude>
    <ClInclude Include="Game\Scene\GameScene\Player\PlayerBase.h">
      <Filter>リソース ファイル\Scene\GameScene\Player</Filter>
    </ClInclude>
    <ClInclude Include="Game\Scene\GameScene\Player\Drone.h">
      <Filter>リソース ファイル\Scene\GameScene\Player</Filter>
    </ClInclude>
    <ClInclude Include="Game\Scene\GameScene\Enemy\EnemyBase.h">
      <Filter>リソース ファイル\Scene\GameScene\Enumy</Filter>
    </ClInclude>
    <ClInclude Include="Game\Scene\GameScene\Enemy\Pasoken.h">
      <Filter>リソース ファイル\Scene\GameScene\Enumy</Filter>
    </ClInclude>
    <ClInclude Include="Game\Scene\GameScene\Stage\Stage.h">
      <Filter>リソース ファイル\Scene\GameScene\Stage</Filter>
    </ClInclude>
    <ClInclude Include="Game\Scene\GameScene\Trigger\TriggerBase.h">
      <Filter>リソース ファイル\Scene\GameScene\Trigger</Filter>
    </ClInclude>
    <ClInclude Include="Game\Scene\GameScene\Trigger\TriggerCharging.h">
      <Filter>リソース ファイル\Scene\GameScene\Trigger</Filter>
    </ClInclude>
    <ClInclude Include="Game\Scene\GameScene\Trigger\TriggerMovable.h">
      <Filter>リソース ファイル\Scene\GameScene\Trigger</Filter>
    </ClInclude>
    <ClInclude Include="Game\Scene\GameScene\Trigger\TriggerQR.h">
      <Filter>リソース ファイル\Scene\GameScene\Trigger</Filter>
    </ClInclude>
    <ClInclude Include="Game\Scene\GameScene\StageObject\StageMovableObject.h">
      <Filter>リソース ファイル\Scene\GameScene\StageObject</Filter>
    </ClInclude>
    <ClInclude Include="Game\Scene\GameScene\StageObject\StageObject.h">
      <Filter>リソース ファイル\Scene\GameScene\StageObject</Filter>
    </ClInclude>
    <ClInclude Include="Game\Scene\GameScene\StageObject\StageStopedObject.h">
      <Filter>リソース ファイル\Scene\GameScene\StageObject</Filter>
    </ClInclude>
    <ClInclude Include="GameLib\CollisionManager\CollisionBase\CollisionBase.h">
      <Filter>リソース ファイル\GameLib\CollisionManager\CollisionBase</Filter>
    </ClInclude>
    <ClInclude Include="GameLib\CollisionManager\CollisionBase\CollisionBox.h">
      <Filter>リソース ファイル\GameLib\CollisionManager\CollisionBase</Filter>
    </ClInclude>
    <ClInclude Include="GameLib\CollisionManager\CollisionBase\CollisionSphere.h">
      <Filter>リソース ファイル\GameLib\CollisionManager\CollisionBase</Filter>
    </ClInclude>
    <ClInclude Include="GameLib\CollisionManager\CollisionManager.h">
      <Filter>リソース ファイル\GameLib\CollisionManager</Filter>
    </ClInclude>
    <ClInclude Include="GameLib\CollisionManager\EnumCollision\Enum_CollisionShape.h">
      <Filter>リソース ファイル\GameLib\CollisionManager\EnumCollision</Filter>
    </ClInclude>
    <ClInclude Include="GameLib\CollisionManager\EnumCollision\Enum_CollisionType.h">
      <Filter>リソース ファイル\GameLib\CollisionManager\EnumCollision</Filter>
    </ClInclude>
    <ClInclude Include="Game\Scene\GameScene\GameOver\GameOver.h">
      <Filter>リソース ファイル\Scene\GameScene\GameOver</Filter>
    </ClInclude>
    <ClInclude Include="Game\Scene\GameScene\GameOver\EnumGameOverState.h">
      <Filter>リソース ファイル\Scene\GameScene\GameOver</Filter>
    </ClInclude>
    <ClInclude Include="GameLib\TexStorage\TexStorage.h">
      <Filter>リソース ファイル\GameLib\TexStorage</Filter>
    </ClInclude>
    <ClInclude Include="GameLib\SceneManager\Enum_Scene.h">
      <Filter>リソース ファイル\GameLib\SceneManager</Filter>
    </ClInclude>
  </ItemGroup>
</Project>